
Microsoft Visual Studio Solution File, Format Version 12.00
# Visual Studio 15
VisualStudioVersion = 15.0.28010.2048
MinimumVisualStudioVersion = 10.0.40219.1
Project("{FAE04EC0-301F-11D3-BF4B-00C04F79EFBC}") = "google-drive-backup-core", "google-drive-backup-core\google-drive-backup-core.csproj", "{B4E37953-17A1-47A8-A01E-8A518CE80A62}"
EndProject
Project("{FAE04EC0-301F-11D3-BF4B-00C04F79EFBC}") = "google-drive-backup", "google-drive-backup\google-drive-backup.csproj", "{77A2F703-7FD7-4898-A570-A71C31453240}"
EndProject
Global
	GlobalSection(SolutionConfigurationPlatforms) = preSolution
		Debug|Any CPU = Debug|Any CPU
		Release|Any CPU = Release|Any CPU
	EndGlobalSection
	GlobalSection(ProjectConfigurationPlatforms) = postSolution
		{B4E37953-17A1-47A8-A01E-8A518CE80A62}.Debug|Any CPU.ActiveCfg = Debug|Any CPU
		{B4E37953-17A1-47A8-A01E-8A518CE80A62}.Debug|Any CPU.Build.0 = Debug|Any CPU
		{B4E37953-17A1-47A8-A01E-8A518CE80A62}.Release|Any CPU.ActiveCfg = Release|Any CPU
		{B4E37953-17A1-47A8-A01E-8A518CE80A62}.Release|Any CPU.Build.0 = Release|Any CPU
		{77A2F703-7FD7-4898-A570-A71C31453240}.Debug|Any CPU.ActiveCfg = Debug|Any CPU
		{77A2F703-7FD7-4898-A570-A71C31453240}.Debug|Any CPU.Build.0 = Debug|Any CPU
		{77A2F703-7FD7-4898-A570-A71C31453240}.Release|Any CPU.ActiveCfg = Release|Any CPU
		{77A2F703-7FD7-4898-A570-A71C31453240}.Release|Any CPU.Build.0 = Release|Any CPU
	EndGlobalSection
	GlobalSection(SolutionProperties) = preSolution
		HideSolutionNode = FALSE
	EndGlobalSection
	GlobalSection(ExtensibilityGlobals) = postSolution
		SolutionGuid = {59A84108-34B6-4FDE-AD90-904BCD0D57BD}
	EndGlobalSection
EndGlobal
